
Microsoft Visual Studio Solution File, Format Version 12.00
# Visual Studio Version 17
VisualStudioVersion = 17.0.31903.59
MinimumVisualStudioVersion = 10.0.40219.1
Project("{2150E333-8FDC-42A3-9474-1A3956D46DE8}") = "src", "src", "{4CE7AFE4-890F-4153-965A-0556567B0745}"
EndProject
Project("{FAE04EC0-301F-11D3-BF4B-00C04F79EFBC}") = "ToDoList.Domain", "src\ToDoList.Domain\ToDoList.Domain.csproj", "{31CEC20B-6897-44D3-9892-2956D94ABB1C}"
EndProject
Project("{FAE04EC0-301F-11D3-BF4B-00C04F79EFBC}") = "ToDoList.WebApi", "src\ToDoList.WebApi\ToDoList.WebApi.csproj", "{6B3A0571-7918-4CA2-A50E-459FCAE5A070}"
EndProject
Global
	GlobalSection(SolutionConfigurationPlatforms) = preSolution
		Debug|Any CPU = Debug|Any CPU
		Release|Any CPU = Release|Any CPU
	EndGlobalSection
	GlobalSection(ProjectConfigurationPlatforms) = postSolution
		{31CEC20B-6897-44D3-9892-2956D94ABB1C}.Debug|Any CPU.ActiveCfg = Debug|Any CPU
		{31CEC20B-6897-44D3-9892-2956D94ABB1C}.Debug|Any CPU.Build.0 = Debug|Any CPU
		{31CEC20B-6897-44D3-9892-2956D94ABB1C}.Release|Any CPU.ActiveCfg = Release|Any CPU
		{31CEC20B-6897-44D3-9892-2956D94ABB1C}.Release|Any CPU.Build.0 = Release|Any CPU
		{6B3A0571-7918-4CA2-A50E-459FCAE5A070}.Debug|Any CPU.ActiveCfg = Debug|Any CPU
		{6B3A0571-7918-4CA2-A50E-459FCAE5A070}.Debug|Any CPU.Build.0 = Debug|Any CPU
		{6B3A0571-7918-4CA2-A50E-459FCAE5A070}.Release|Any CPU.ActiveCfg = Release|Any CPU
		{6B3A0571-7918-4CA2-A50E-459FCAE5A070}.Release|Any CPU.Build.0 = Release|Any CPU
	EndGlobalSection
	GlobalSection(SolutionProperties) = preSolution
		HideSolutionNode = FALSE
	EndGlobalSection
	GlobalSection(NestedProjects) = preSolution
		{31CEC20B-6897-44D3-9892-2956D94ABB1C} = {4CE7AFE4-890F-4153-965A-0556567B0745}
		{6B3A0571-7918-4CA2-A50E-459FCAE5A070} = {4CE7AFE4-890F-4153-965A-0556567B0745}
	EndGlobalSection
EndGlobal
